
Microsoft Visual Studio Solution File, Format Version 12.00
# Visual Studio Version 16
VisualStudioVersion = 16.0.35425.106
MinimumVisualStudioVersion = 10.0.40219.1
Project("{FAE04EC0-301F-11D3-BF4B-00C04F79EFBC}") = "Patel02", "Patel02.csproj", "{31DFD87F-146A-4E65-9C81-4224580A939F}"
EndProject
Global
	GlobalSection(SolutionConfigurationPlatforms) = preSolution
		Debug|Any CPU = Debug|Any CPU
		Release|Any CPU = Release|Any CPU
	EndGlobalSection
	GlobalSection(ProjectConfigurationPlatforms) = postSolution
		{31DFD87F-146A-4E65-9C81-4224580A939F}.Debug|Any CPU.ActiveCfg = Debug|Any CPU
		{31DFD87F-146A-4E65-9C81-4224580A939F}.Debug|Any CPU.Build.0 = Debug|Any CPU
		{31DFD87F-146A-4E65-9C81-4224580A939F}.Release|Any CPU.ActiveCfg = Release|Any CPU
		{31DFD87F-146A-4E65-9C81-4224580A939F}.Release|Any CPU.Build.0 = Release|Any CPU
	EndGlobalSection
	GlobalSection(SolutionProperties) = preSolution
		HideSolutionNode = FALSE
	EndGlobalSection
	GlobalSection(ExtensibilityGlobals) = postSolution
		SolutionGuid = {DB9E8E66-5E9E-4879-87BC-82ABE15B5933}
	EndGlobalSection
EndGlobal
